
Microsoft Visual Studio Solution File, Format Version 12.00
# Visual Studio Version 16
VisualStudioVersion = 16.0.31205.134
MinimumVisualStudioVersion = 10.0.40219.1
Project("{9A19103F-16F7-4668-BE54-9A1E7A4F7556}") = "location", "location.csproj", "{197FE4FE-8EE4-4179-993B-D4CB512A1C14}"
EndProject
Global
	GlobalSection(SolutionConfigurationPlatforms) = preSolution
		Debug|Any CPU = Debug|Any CPU
		Release|Any CPU = Release|Any CPU
	EndGlobalSection
	GlobalSection(ProjectConfigurationPlatforms) = postSolution
		{197FE4FE-8EE4-4179-993B-D4CB512A1C14}.Debug|Any CPU.ActiveCfg = Debug|Any CPU
		{197FE4FE-8EE4-4179-993B-D4CB512A1C14}.Debug|Any CPU.Build.0 = Debug|Any CPU
		{197FE4FE-8EE4-4179-993B-D4CB512A1C14}.Release|Any CPU.ActiveCfg = Release|Any CPU
		{197FE4FE-8EE4-4179-993B-D4CB512A1C14}.Release|Any CPU.Build.0 = Release|Any CPU
	EndGlobalSection
	GlobalSection(SolutionProperties) = preSolution
		HideSolutionNode = FALSE
	EndGlobalSection
	GlobalSection(ExtensibilityGlobals) = postSolution
		SolutionGuid = {7E8A949F-DCA2-474B-83EB-15F5E738E15C}
	EndGlobalSection
EndGlobal
